{
  "name": "workplans",
  "version": "0.3.0",
  "lockfileVersion": 3,
  "requires": true,
  "packages": {
    "": {
      "name": "workplans",
      "version": "0.3.0",
      "license": "MIT",
      "dependencies": {
        "giget": "^3.1.2"
      },
      "bin": {
        "workplans": "bin/cli.mjs"
      },
      "engines": {
        "node": ">=18"
      }
    },
    "node_modules/giget": {
      "version": "3.2.0",
      "resolved": "https://registry.npmjs.org/giget/-/giget-3.2.0.tgz",
      "integrity": "sha512-GvHTWcykIR/fP8cj8dMpuMMkvaeJfPvYnhq0oW+chSeIr+ldX21ifU2Ms6KBoyKZQZmVaUAAhQ2EZ68KJF8a7A==",
      "license": "MIT",
      "bin": {
        "giget": "dist/cli.mjs"
      }
    }
  }
}
